// !$*UTF8*$!
{
	archiveVersion = 1;
	classes = {
	};
	objectVersion = 55;
	objects = {

/* Begin PBXBuildFile section */
		11322E8127F4B71900043DBC /* tailnumber_iosApp.swift in Sources */ = {isa = PBXBuildFile; fileRef = 11322E8027F4B71900043DBC /* tailnumber_iosApp.swift */; };
		11322E8527F4B71B00043DBC /* Assets.xcassets in Resources */ = {isa = PBXBuildFile; fileRef = 11322E8427F4B71B00043DBC /* Assets.xcassets */; };
		11322E8827F4B71B00043DBC /* Preview Assets.xcassets in Resources */ = {isa = PBXBuildFile; fileRef = 11322E8727F4B71B00043DBC /* Preview Assets.xcassets */; };
		118222AF27F8462F00F99E4E /* OrderedCollections in Frameworks */ = {isa = PBXBuildFile; productRef = 118222AE27F8462F00F99E4E /* OrderedCollections */; };
		118222B227F846F400F99E4E /* Logging in Frameworks */ = {isa = PBXBuildFile; productRef = 118222B127F846F400F99E4E /* Logging */; };
		B9DA584C418F66C15368E996 /* Pods_Tail_Number.framework in Frameworks */ = {isa = PBXBuildFile; fileRef = 30A38D8BCBA20B409C9194F2 /* Pods_Tail_Number.framework */; };
		E29B3117EF909BB969FD912C /* Extensions.swift in Sources */ = {isa = PBXBuildFile; fileRef = E29B32482F0FC656FF6AEC43 /* Extensions.swift */; };
		E29B31E8FD1DA759D8535BF7 /* RegistrationService.swift in Sources */ = {isa = PBXBuildFile; fileRef = E29B334D995D39CF3E76CDCF /* RegistrationService.swift */; };
		E29B32D9884009FC3D9948F7 /* .gitignore in Resources */ = {isa = PBXBuildFile; fileRef = E29B336C7C9C10E161D9380B /* .gitignore */; };
		E29B33612DE8A74B4CD6CA4D /* RegistrationBookmarkManager.swift in Sources */ = {isa = PBXBuildFile; fileRef = E29B37C6CDF67706CCF047E9 /* RegistrationBookmarkManager.swift */; };
		E29B33BE3234554FAFD3772D /* LocalizationManager.swift in Sources */ = {isa = PBXBuildFile; fileRef = E29B3FD6AD28231CDC2F334C /* LocalizationManager.swift */; };
		E29B362C4E91397B92292672 /* SearchView.swift in Sources */ = {isa = PBXBuildFile; fileRef = E29B33A32DC9E34CE19DD7E8 /* SearchView.swift */; };
		E29B363C85FF3936F005F242 /* balloon.svg in Resources */ = {isa = PBXBuildFile; fileRef = E29B3D34FA8DC55A0E33D7BC /* balloon.svg */; };
		E29B377CD26931AE37D5A854 /* RegistrationDetailSectionView.swift in Sources */ = {isa = PBXBuildFile; fileRef = E29B304951924D4D762048CF /* RegistrationDetailSectionView.swift */; };
		E29B379EE0653C3DAFEA0505 /* LocationManager.swift in Sources */ = {isa = PBXBuildFile; fileRef = E29B3C0CE6604D779EC83944 /* LocationManager.swift */; };
		E29B3901FFBA36CC9FE9617B /* RegistrationDetailView.swift in Sources */ = {isa = PBXBuildFile; fileRef = E29B3FADC3EFAD453FD6EA88 /* RegistrationDetailView.swift */; };
		E29B397AE144D516958ADDC8 /* RegistrationHttpModels.swift in Sources */ = {isa = PBXBuildFile; fileRef = E29B3CEE7958BA7E26FB6377 /* RegistrationHttpModels.swift */; };
		E29B3C5CD8944764FDA56E28 /* UIModels.swift in Sources */ = {isa = PBXBuildFile; fileRef = E29B300CFFD546F9F469AAD9 /* UIModels.swift */; };
		E29B3CD5DCDAC7E31E89EB0D /* Commons.swift in Sources */ = {isa = PBXBuildFile; fileRef = E29B30AFCEF76FAAE9E0A4E3 /* Commons.swift */; };
		E29B3D2E1CB9B62AB14DA709 /* BookmarkModels.swift in Sources */ = {isa = PBXBuildFile; fileRef = E29B31259896905650211C5F /* BookmarkModels.swift */; };
		E29B3F3F0CABC9BA9C9282DD /* RegistrationDetailManager.swift in Sources */ = {isa = PBXBuildFile; fileRef = E29B3EA7E2CAFAB57D48DBDD /* RegistrationDetailManager.swift */; };
/* End PBXBuildFile section */

/* Begin PBXFileReference section */
		037BB2A57FF08284B60A1331 /* Pods-tailnumber.ios.release.xcconfig */ = {isa = PBXFileReference; includeInIndex = 1; lastKnownFileType = text.xcconfig; name = "Pods-tailnumber.ios.release.xcconfig"; path = "Target Support Files/Pods-tailnumber.ios/Pods-tailnumber.ios.release.xcconfig"; sourceTree = "<group>"; };
		11322E7D27F4B71900043DBC /* Tail Number.app */ = {isa = PBXFileReference; explicitFileType = wrapper.application; includeInIndex = 0; path = "Tail Number.app"; sourceTree = BUILT_PRODUCTS_DIR; };
		11322E8027F4B71900043DBC /* tailnumber_iosApp.swift */ = {isa = PBXFileReference; lastKnownFileType = sourcecode.swift; path = tailnumber_iosApp.swift; sourceTree = "<group>"; };
		11322E8427F4B71B00043DBC /* Assets.xcassets */ = {isa = PBXFileReference; lastKnownFileType = folder.assetcatalog; path = Assets.xcassets; sourceTree = "<group>"; };
		11322E8727F4B71B00043DBC /* Preview Assets.xcassets */ = {isa = PBXFileReference; lastKnownFileType = folder.assetcatalog; path = "Preview Assets.xcassets"; sourceTree = "<group>"; };
		119ADA9027FA2BD100FDE99C /* tailnumber-ios-Info.plist */ = {isa = PBXFileReference; lastKnownFileType = text.plist; path = "tailnumber-ios-Info.plist"; sourceTree = SOURCE_ROOT; };
		30A38D8BCBA20B409C9194F2 /* Pods_Tail_Number.framework */ = {isa = PBXFileReference; explicitFileType = wrapper.framework; includeInIndex = 0; path = Pods_Tail_Number.framework; sourceTree = BUILT_PRODUCTS_DIR; };
		85DB0513CF523274A888DA62 /* Pods-Tail Number.debug.xcconfig */ = {isa = PBXFileReference; includeInIndex = 1; lastKnownFileType = text.xcconfig; name = "Pods-Tail Number.debug.xcconfig"; path = "Target Support Files/Pods-Tail Number/Pods-Tail Number.debug.xcconfig"; sourceTree = "<group>"; };
		B1586729D166E587212A68AF /* Pods-Tail Number.release.xcconfig */ = {isa = PBXFileReference; includeInIndex = 1; lastKnownFileType = text.xcconfig; name = "Pods-Tail Number.release.xcconfig"; path = "Target Support Files/Pods-Tail Number/Pods-Tail Number.release.xcconfig"; sourceTree = "<group>"; };
		E29B300CFFD546F9F469AAD9 /* UIModels.swift */ = {isa = PBXFileReference; fileEncoding = 4; lastKnownFileType = sourcecode.swift; path = UIModels.swift; sourceTree = "<group>"; };
		E29B304951924D4D762048CF /* RegistrationDetailSectionView.swift */ = {isa = PBXFileReference; fileEncoding = 4; lastKnownFileType = sourcecode.swift; name = RegistrationDetailSectionView.swift; path = registration/views/RegistrationDetailSectionView.swift; sourceTree = "<group>"; };
		E29B30AFCEF76FAAE9E0A4E3 /* Commons.swift */ = {isa = PBXFileReference; fileEncoding = 4; lastKnownFileType = sourcecode.swift; path = Commons.swift; sourceTree = "<group>"; };
		E29B31259896905650211C5F /* BookmarkModels.swift */ = {isa = PBXFileReference; fileEncoding = 4; lastKnownFileType = sourcecode.swift; name = BookmarkModels.swift; path = registration/bookmarks/BookmarkModels.swift; sourceTree = "<group>"; };
		E29B32482F0FC656FF6AEC43 /* Extensions.swift */ = {isa = PBXFileReference; fileEncoding = 4; lastKnownFileType = sourcecode.swift; path = Extensions.swift; sourceTree = "<group>"; };
		E29B334D995D39CF3E76CDCF /* RegistrationService.swift */ = {isa = PBXFileReference; fileEncoding = 4; lastKnownFileType = sourcecode.swift; name = RegistrationService.swift; path = registration/services/RegistrationService.swift; sourceTree = "<group>"; };
		E29B336C7C9C10E161D9380B /* .gitignore */ = {isa = PBXFileReference; lastKnownFileType = file.gitignore; path = .gitignore; sourceTree = "<group>"; };
		E29B33A32DC9E34CE19DD7E8 /* SearchView.swift */ = {isa = PBXFileReference; fileEncoding = 4; lastKnownFileType = sourcecode.swift; name = SearchView.swift; path = registration/views/SearchView.swift; sourceTree = "<group>"; };
		E29B37C6CDF67706CCF047E9 /* RegistrationBookmarkManager.swift */ = {isa = PBXFileReference; fileEncoding = 4; lastKnownFileType = sourcecode.swift; name = RegistrationBookmarkManager.swift; path = registration/bookmarks/RegistrationBookmarkManager.swift; sourceTree = "<group>"; };
		E29B3C0CE6604D779EC83944 /* LocationManager.swift */ = {isa = PBXFileReference; fileEncoding = 4; lastKnownFileType = sourcecode.swift; name = LocationManager.swift; path = managers/LocationManager.swift; sourceTree = "<group>"; };
		E29B3CEE7958BA7E26FB6377 /* RegistrationHttpModels.swift */ = {isa = PBXFileReference; fileEncoding = 4; lastKnownFileType = sourcecode.swift; name = RegistrationHttpModels.swift; path = registration/models/RegistrationHttpModels.swift; sourceTree = "<group>"; };
		E29B3D34FA8DC55A0E33D7BC /* balloon.svg */ = {isa = PBXFileReference; lastKnownFileType = file.svg; path = balloon.svg; sourceTree = "<group>"; };
		E29B3EA7E2CAFAB57D48DBDD /* RegistrationDetailManager.swift */ = {isa = PBXFileReference; fileEncoding = 4; lastKnownFileType = sourcecode.swift; name = RegistrationDetailManager.swift; path = registration/views/RegistrationDetailManager.swift; sourceTree = "<group>"; };
		E29B3FADC3EFAD453FD6EA88 /* RegistrationDetailView.swift */ = {isa = PBXFileReference; fileEncoding = 4; lastKnownFileType = sourcecode.swift; name = RegistrationDetailView.swift; path = registration/views/RegistrationDetailView.swift; sourceTree = "<group>"; };
		E29B3FD6AD28231CDC2F334C /* LocalizationManager.swift */ = {isa = PBXFileReference; fileEncoding = 4; lastKnownFileType = sourcecode.swift; name = LocalizationManager.swift; path = managers/LocalizationManager.swift; sourceTree = "<group>"; };
		E500AFDC988F429F4F8AC447 /* Pods-tailnumber.ios.debug.xcconfig */ = {isa = PBXFileReference; includeInIndex = 1; lastKnownFileType = text.xcconfig; name = "Pods-tailnumber.ios.debug.xcconfig"; path = "Target Support Files/Pods-tailnumber.ios/Pods-tailnumber.ios.debug.xcconfig"; sourceTree = "<group>"; };
/* End PBXFileReference section */

/* Begin PBXFrameworksBuildPhase section */
		11322E7A27F4B71900043DBC /* Frameworks */ = {
			isa = PBXFrameworksBuildPhase;
			buildActionMask = 2147483647;
			files = (
				118222B227F846F400F99E4E /* Logging in Frameworks */,
				118222AF27F8462F00F99E4E /* OrderedCollections in Frameworks */,
				B9DA584C418F66C15368E996 /* Pods_Tail_Number.framework in Frameworks */,
			);
			runOnlyForDeploymentPostprocessing = 0;
		};
/* End PBXFrameworksBuildPhase section */

/* Begin PBXGroup section */
		11322E7427F4B71900043DBC = {
			isa = PBXGroup;
			children = (
				11322E7F27F4B71900043DBC /* tailnumber.ios */,
				11322E7E27F4B71900043DBC /* Products */,
				4CF40DE64FF501F4B7186BE4 /* Pods */,
				A57590C39D3797A8E54FC764 /* Frameworks */,
				E29B336C7C9C10E161D9380B /* .gitignore */,
			);
			sourceTree = "<group>";
		};
		11322E7E27F4B71900043DBC /* Products */ = {
			isa = PBXGroup;
			children = (
				11322E7D27F4B71900043DBC /* Tail Number.app */,
			);
			name = Products;
			sourceTree = "<group>";
		};
		11322E7F27F4B71900043DBC /* tailnumber.ios */ = {
			isa = PBXGroup;
			children = (
				119ADA9027FA2BD100FDE99C /* tailnumber-ios-Info.plist */,
				11322E8027F4B71900043DBC /* tailnumber_iosApp.swift */,
				11322E8427F4B71B00043DBC /* Assets.xcassets */,
				11322E8627F4B71B00043DBC /* Preview Content */,
				E29B38D369FDAD0B0DC3FA6E /* Models */,
				E29B30898D5C51EF4F095438 /* Views */,
				E29B32482F0FC656FF6AEC43 /* Extensions.swift */,
				E29B30AFCEF76FAAE9E0A4E3 /* Commons.swift */,
				E29B3D34FA8DC55A0E33D7BC /* balloon.svg */,
				E29B3C0CE6604D779EC83944 /* LocationManager.swift */,
				E29B3FD6AD28231CDC2F334C /* LocalizationManager.swift */,
				E29B334D995D39CF3E76CDCF /* RegistrationService.swift */,
				E29B304951924D4D762048CF /* RegistrationDetailSectionView.swift */,
				E29B3EA7E2CAFAB57D48DBDD /* RegistrationDetailManager.swift */,
				E29B3FADC3EFAD453FD6EA88 /* RegistrationDetailView.swift */,
				E29B33A32DC9E34CE19DD7E8 /* SearchView.swift */,
				E29B3CEE7958BA7E26FB6377 /* RegistrationHttpModels.swift */,
				E29B37C6CDF67706CCF047E9 /* RegistrationBookmarkManager.swift */,
				E29B31259896905650211C5F /* BookmarkModels.swift */,
			);
			path = tailnumber.ios;
			sourceTree = "<group>";
		};
		11322E8627F4B71B00043DBC /* Preview Content */ = {
			isa = PBXGroup;
			children = (
				11322E8727F4B71B00043DBC /* Preview Assets.xcassets */,
			);
			path = "Preview Content";
			sourceTree = "<group>";
		};
		4CF40DE64FF501F4B7186BE4 /* Pods */ = {
			isa = PBXGroup;
			children = (
				E500AFDC988F429F4F8AC447 /* Pods-tailnumber.ios.debug.xcconfig */,
				037BB2A57FF08284B60A1331 /* Pods-tailnumber.ios.release.xcconfig */,
				85DB0513CF523274A888DA62 /* Pods-Tail Number.debug.xcconfig */,
				B1586729D166E587212A68AF /* Pods-Tail Number.release.xcconfig */,
			);
			path = Pods;
			sourceTree = "<group>";
		};
		A57590C39D3797A8E54FC764 /* Frameworks */ = {
			isa = PBXGroup;
			children = (
				30A38D8BCBA20B409C9194F2 /* Pods_Tail_Number.framework */,
			);
			name = Frameworks;
			sourceTree = "<group>";
		};
		E29B30898D5C51EF4F095438 /* Views */ = {
			isa = PBXGroup;
			children = (
			);
			path = Views;
			sourceTree = "<group>";
		};
		E29B38D369FDAD0B0DC3FA6E /* Models */ = {
			isa = PBXGroup;
			children = (
				E29B300CFFD546F9F469AAD9 /* UIModels.swift */,
			);
			path = Models;
			sourceTree = "<group>";
		};
/* End PBXGroup section */

/* Begin PBXNativeTarget section */
		11322E7C27F4B71900043DBC /* Tail Number */ = {
			isa = PBXNativeTarget;
			buildConfigurationList = 11322E8B27F4B71B00043DBC /* Build configuration list for PBXNativeTarget "Tail Number" */;
			buildPhases = (
				011043992FDD29FAB10AC8AA /* [CP] Check Pods Manifest.lock */,
				11322E7927F4B71900043DBC /* Sources */,
				11322E7A27F4B71900043DBC /* Frameworks */,
				11322E7B27F4B71900043DBC /* Resources */,
				D97D510E0FEC63CA752325AE /* [CP] Embed Pods Frameworks */,
			);
			buildRules = (
			);
			dependencies = (
			);
			name = "Tail Number";
			packageProductDependencies = (
				118222AE27F8462F00F99E4E /* OrderedCollections */,
				118222B127F846F400F99E4E /* Logging */,
			);
			productName = tailnumber.ios;
			productReference = 11322E7D27F4B71900043DBC /* Tail Number.app */;
			productType = "com.apple.product-type.application";
		};
/* End PBXNativeTarget section */

/* Begin PBXProject section */
		11322E7527F4B71900043DBC /* Project object */ = {
			isa = PBXProject;
			attributes = {
				BuildIndependentTargetsInParallel = 1;
				LastSwiftUpdateCheck = 1330;
				LastUpgradeCheck = 1330;
				TargetAttributes = {
					11322E7C27F4B71900043DBC = {
						CreatedOnToolsVersion = 13.3;
					};
				};
			};
			buildConfigurationList = 11322E7827F4B71900043DBC /* Build configuration list for PBXProject "tailnumber.ios" */;
			compatibilityVersion = "Xcode 13.0";
			developmentRegion = en;
			hasScannedForEncodings = 0;
			knownRegions = (
				en,
				Base,
			);
			mainGroup = 11322E7427F4B71900043DBC;
			packageReferences = (
				118222AD27F8462F00F99E4E /* XCRemoteSwiftPackageReference "swift-collections.git" */,
				118222B027F846F400F99E4E /* XCRemoteSwiftPackageReference "swift-log.git" */,
			);
			productRefGroup = 11322E7E27F4B71900043DBC /* Products */;
			projectDirPath = "";
			projectRoot = "";
			targets = (
				11322E7C27F4B71900043DBC /* Tail Number */,
			);
		};
/* End PBXProject section */

/* Begin PBXResourcesBuildPhase section */
		11322E7B27F4B71900043DBC /* Resources */ = {
			isa = PBXResourcesBuildPhase;
			buildActionMask = 2147483647;
			files = (
				11322E8827F4B71B00043DBC /* Preview Assets.xcassets in Resources */,
				11322E8527F4B71B00043DBC /* Assets.xcassets in Resources */,
				E29B32D9884009FC3D9948F7 /* .gitignore in Resources */,
				E29B363C85FF3936F005F242 /* balloon.svg in Resources */,
			);
			runOnlyForDeploymentPostprocessing = 0;
		};
/* End PBXResourcesBuildPhase section */

/* Begin PBXShellScriptBuildPhase section */
		011043992FDD29FAB10AC8AA /* [CP] Check Pods Manifest.lock */ = {
			isa = PBXShellScriptBuildPhase;
			buildActionMask = 2147483647;
			files = (
			);
			inputFileListPaths = (
			);
			inputPaths = (
				"${PODS_PODFILE_DIR_PATH}/Podfile.lock",
				"${PODS_ROOT}/Manifest.lock",
			);
			name = "[CP] Check Pods Manifest.lock";
			outputFileListPaths = (
			);
			outputPaths = (
				"$(DERIVED_FILE_DIR)/Pods-Tail Number-checkManifestLockResult.txt",
			);
			runOnlyForDeploymentPostprocessing = 0;
			shellPath = /bin/sh;
			shellScript = "diff \"${PODS_PODFILE_DIR_PATH}/Podfile.lock\" \"${PODS_ROOT}/Manifest.lock\" > /dev/null\nif [ $? != 0 ] ; then\n    # print error to STDERR\n    echo \"error: The sandbox is not in sync with the Podfile.lock. Run 'pod install' or update your CocoaPods installation.\" >&2\n    exit 1\nfi\n# This output is used by Xcode 'outputs' to avoid re-running this script phase.\necho \"SUCCESS\" > \"${SCRIPT_OUTPUT_FILE_0}\"\n";
			showEnvVarsInLog = 0;
		};
		D97D510E0FEC63CA752325AE /* [CP] Embed Pods Frameworks */ = {
			isa = PBXShellScriptBuildPhase;
			buildActionMask = 2147483647;
			files = (
			);
			inputFileListPaths = (
				"${PODS_ROOT}/Target Support Files/Pods-Tail Number/Pods-Tail Number-frameworks-${CONFIGURATION}-input-files.xcfilelist",
			);
			name = "[CP] Embed Pods Frameworks";
			outputFileListPaths = (
				"${PODS_ROOT}/Target Support Files/Pods-Tail Number/Pods-Tail Number-frameworks-${CONFIGURATION}-output-files.xcfilelist",
			);
			runOnlyForDeploymentPostprocessing = 0;
			shellPath = /bin/sh;
			shellScript = "\"${PODS_ROOT}/Target Support Files/Pods-Tail Number/Pods-Tail Number-frameworks.sh\"\n";
			showEnvVarsInLog = 0;
		};
/* End PBXShellScriptBuildPhase section */

/* Begin PBXSourcesBuildPhase section */
		11322E7927F4B71900043DBC /* Sources */ = {
			isa = PBXSourcesBuildPhase;
			buildActionMask = 2147483647;
			files = (
				11322E8127F4B71900043DBC /* tailnumber_iosApp.swift in Sources */,
				E29B3C5CD8944764FDA56E28 /* UIModels.swift in Sources */,
				E29B3117EF909BB969FD912C /* Extensions.swift in Sources */,
				E29B3CD5DCDAC7E31E89EB0D /* Commons.swift in Sources */,
				E29B379EE0653C3DAFEA0505 /* LocationManager.swift in Sources */,
				E29B33BE3234554FAFD3772D /* LocalizationManager.swift in Sources */,
				E29B31E8FD1DA759D8535BF7 /* RegistrationService.swift in Sources */,
				E29B377CD26931AE37D5A854 /* RegistrationDetailSectionView.swift in Sources */,
				E29B3F3F0CABC9BA9C9282DD /* RegistrationDetailManager.swift in Sources */,
				E29B3901FFBA36CC9FE9617B /* RegistrationDetailView.swift in Sources */,
				E29B362C4E91397B92292672 /* SearchView.swift in Sources */,
				E29B397AE144D516958ADDC8 /* RegistrationHttpModels.swift in Sources */,
				E29B33612DE8A74B4CD6CA4D /* RegistrationBookmarkManager.swift in Sources */,
				E29B3D2E1CB9B62AB14DA709 /* BookmarkModels.swift in Sources */,
			);
			runOnlyForDeploymentPostprocessing = 0;
		};
/* End PBXSourcesBuildPhase section */

/* Begin XCBuildConfiguration section */
		11322E8927F4B71B00043DBC /* Debug */ = {
			isa = XCBuildConfiguration;
			buildSettings = {
				ALWAYS_SEARCH_USER_PATHS = NO;
				CLANG_ANALYZER_NONNULL = YES;
				CLANG_ANALYZER_NUMBER_OBJECT_CONVERSION = YES_AGGRESSIVE;
				CLANG_CXX_LANGUAGE_STANDARD = "gnu++17";
				CLANG_ENABLE_MODULES = YES;
				CLANG_ENABLE_OBJC_ARC = YES;
				CLANG_ENABLE_OBJC_WEAK = YES;
				CLANG_WARN_BLOCK_CAPTURE_AUTORELEASING = YES;
				CLANG_WARN_BOOL_CONVERSION = YES;
				CLANG_WARN_COMMA = YES;
				CLANG_WARN_CONSTANT_CONVERSION = YES;
				CLANG_WARN_DEPRECATED_OBJC_IMPLEMENTATIONS = YES;
				CLANG_WARN_DIRECT_OBJC_ISA_USAGE = YES_ERROR;
				CLANG_WARN_DOCUMENTATION_COMMENTS = YES;
				CLANG_WARN_EMPTY_BODY = YES;
				CLANG_WARN_ENUM_CONVERSION = YES;
				CLANG_WARN_INFINITE_RECURSION = YES;
				CLANG_WARN_INT_CONVERSION = YES;
				CLANG_WARN_NON_LITERAL_NULL_CONVERSION = YES;
				CLANG_WARN_OBJC_IMPLICIT_RETAIN_SELF = YES;
				CLANG_WARN_OBJC_LITERAL_CONVERSION = YES;
				CLANG_WARN_OBJC_ROOT_CLASS = YES_ERROR;
				CLANG_WARN_QUOTED_INCLUDE_IN_FRAMEWORK_HEADER = YES;
				CLANG_WARN_RANGE_LOOP_ANALYSIS = YES;
				CLANG_WARN_STRICT_PROTOTYPES = YES;
				CLANG_WARN_SUSPICIOUS_MOVE = YES;
				CLANG_WARN_UNGUARDED_AVAILABILITY = YES_AGGRESSIVE;
				CLANG_WARN_UNREACHABLE_CODE = YES;
				CLANG_WARN__DUPLICATE_METHOD_MATCH = YES;
				COPY_PHASE_STRIP = NO;
				DEBUG_INFORMATION_FORMAT = dwarf;
				ENABLE_STRICT_OBJC_MSGSEND = YES;
				ENABLE_TESTABILITY = YES;
				GCC_C_LANGUAGE_STANDARD = gnu11;
				GCC_DYNAMIC_NO_PIC = NO;
				GCC_NO_COMMON_BLOCKS = YES;
				GCC_OPTIMIZATION_LEVEL = 0;
				GCC_PREPROCESSOR_DEFINITIONS = (
					"DEBUG=1",
					"$(inherited)",
				);
				GCC_WARN_64_TO_32_BIT_CONVERSION = YES;
				GCC_WARN_ABOUT_RETURN_TYPE = YES_ERROR;
				GCC_WARN_UNDECLARED_SELECTOR = YES;
				GCC_WARN_UNINITIALIZED_AUTOS = YES_AGGRESSIVE;
				GCC_WARN_UNUSED_FUNCTION = YES;
				GCC_WARN_UNUSED_VARIABLE = YES;
				IPHONEOS_DEPLOYMENT_TARGET = 15.4;
				MTL_ENABLE_DEBUG_INFO = INCLUDE_SOURCE;
				MTL_FAST_MATH = YES;
				ONLY_ACTIVE_ARCH = YES;
				PRODUCT_NAME = "Tail Number";
				SDKROOT = iphoneos;
				SWIFT_ACTIVE_COMPILATION_CONDITIONS = DEBUG;
				SWIFT_OPTIMIZATION_LEVEL = "-Onone";
			};
			name = Debug;
		};
		11322E8A27F4B71B00043DBC /* Release */ = {
			isa = XCBuildConfiguration;
			buildSettings = {
				ALWAYS_SEARCH_USER_PATHS = NO;
				CLANG_ANALYZER_NONNULL = YES;
				CLANG_ANALYZER_NUMBER_OBJECT_CONVERSION = YES_AGGRESSIVE;
				CLANG_CXX_LANGUAGE_STANDARD = "gnu++17";
				CLANG_ENABLE_MODULES = YES;
				CLANG_ENABLE_OBJC_ARC = YES;
				CLANG_ENABLE_OBJC_WEAK = YES;
				CLANG_WARN_BLOCK_CAPTURE_AUTORELEASING = YES;
				CLANG_WARN_BOOL_CONVERSION = YES;
				CLANG_WARN_COMMA = YES;
				CLANG_WARN_CONSTANT_CONVERSION = YES;
				CLANG_WARN_DEPRECATED_OBJC_IMPLEMENTATIONS = YES;
				CLANG_WARN_DIRECT_OBJC_ISA_USAGE = YES_ERROR;
				CLANG_WARN_DOCUMENTATION_COMMENTS = YES;
				CLANG_WARN_EMPTY_BODY = YES;
				CLANG_WARN_ENUM_CONVERSION = YES;
				CLANG_WARN_INFINITE_RECURSION = YES;
				CLANG_WARN_INT_CONVERSION = YES;
				CLANG_WARN_NON_LITERAL_NULL_CONVERSION = YES;
				CLANG_WARN_OBJC_IMPLICIT_RETAIN_SELF = YES;
				CLANG_WARN_OBJC_LITERAL_CONVERSION = YES;
				CLANG_WARN_OBJC_ROOT_CLASS = YES_ERROR;
				CLANG_WARN_QUOTED_INCLUDE_IN_FRAMEWORK_HEADER = YES;
				CLANG_WARN_RANGE_LOOP_ANALYSIS = YES;
				CLANG_WARN_STRICT_PROTOTYPES = YES;
				CLANG_WARN_SUSPICIOUS_MOVE = YES;
				CLANG_WARN_UNGUARDED_AVAILABILITY = YES_AGGRESSIVE;
				CLANG_WARN_UNREACHABLE_CODE = YES;
				CLANG_WARN__DUPLICATE_METHOD_MATCH = YES;
				COPY_PHASE_STRIP = NO;
				DEBUG_INFORMATION_FORMAT = "dwarf-with-dsym";
				ENABLE_NS_ASSERTIONS = NO;
				ENABLE_STRICT_OBJC_MSGSEND = YES;
				GCC_C_LANGUAGE_STANDARD = gnu11;
				GCC_NO_COMMON_BLOCKS = YES;
				GCC_WARN_64_TO_32_BIT_CONVERSION = YES;
				GCC_WARN_ABOUT_RETURN_TYPE = YES_ERROR;
				GCC_WARN_UNDECLARED_SELECTOR = YES;
				GCC_WARN_UNINITIALIZED_AUTOS = YES_AGGRESSIVE;
				GCC_WARN_UNUSED_FUNCTION = YES;
				GCC_WARN_UNUSED_VARIABLE = YES;
				IPHONEOS_DEPLOYMENT_TARGET = 15.4;
				MTL_ENABLE_DEBUG_INFO = NO;
				MTL_FAST_MATH = YES;
				PRODUCT_NAME = "Tail Number";
				SDKROOT = iphoneos;
				SWIFT_COMPILATION_MODE = wholemodule;
				SWIFT_OPTIMIZATION_LEVEL = "-O";
				VALIDATE_PRODUCT = YES;
			};
			name = Release;
		};
		11322E8C27F4B71B00043DBC /* Debug */ = {
			isa = XCBuildConfiguration;
			baseConfigurationReference = 85DB0513CF523274A888DA62 /* Pods-Tail Number.debug.xcconfig */;
			buildSettings = {
				ASSETCATALOG_COMPILER_APPICON_NAME = AppIcon;
				ASSETCATALOG_COMPILER_GLOBAL_ACCENT_COLOR_NAME = AccentColor;
				CODE_SIGN_STYLE = Automatic;
				CURRENT_PROJECT_VERSION = 1;
				DEVELOPMENT_ASSET_PATHS = "\"tailnumber.ios/Preview Content\"";
				DEVELOPMENT_TEAM = 77SZ87N4SU;
				ENABLE_PREVIEWS = YES;
				GENERATE_INFOPLIST_FILE = YES;
				INFOPLIST_FILE = "tailnumber-ios-Info.plist";
				INFOPLIST_KEY_UIApplicationSceneManifest_Generation = YES;
				INFOPLIST_KEY_UIApplicationSupportsIndirectInputEvents = YES;
				INFOPLIST_KEY_UILaunchScreen_Generation = YES;
				INFOPLIST_KEY_UISupportedInterfaceOrientations_iPad = "UIInterfaceOrientationPortrait UIInterfaceOrientationPortraitUpsideDown UIInterfaceOrientationLandscapeLeft UIInterfaceOrientationLandscapeRight";
				INFOPLIST_KEY_UISupportedInterfaceOrientations_iPhone = "UIInterfaceOrientationPortrait UIInterfaceOrientationLandscapeLeft UIInterfaceOrientationLandscapeRight";
				LD_RUNPATH_SEARCH_PATHS = (
					"$(inherited)",
					"@executable_path/Frameworks",
				);
				MARKETING_VERSION = 1.0;
				PRODUCT_BUNDLE_IDENTIFIER = "com.edelweiss.software.tailnumber-ios";
				PRODUCT_NAME = "$(TARGET_NAME)";
				SWIFT_EMIT_LOC_STRINGS = YES;
				SWIFT_VERSION = 5.0;
				TARGETED_DEVICE_FAMILY = "1,2";
			};
			name = Debug;
		};
		11322E8D27F4B71B00043DBC /* Release */ = {
			isa = XCBuildConfiguration;
			baseConfigurationReference = B1586729D166E587212A68AF /* Pods-Tail Number.release.xcconfig */;
			buildSettings = {
				ASSETCATALOG_COMPILER_APPICON_NAME = AppIcon;
				ASSETCATALOG_COMPILER_GLOBAL_ACCENT_COLOR_NAME = AccentColor;
				CODE_SIGN_STYLE = Automatic;
				CURRENT_PROJECT_VERSION = 1;
				DEVELOPMENT_ASSET_PATHS = "\"tailnumber.ios/Preview Content\"";
				DEVELOPMENT_TEAM = 77SZ87N4SU;
				ENABLE_PREVIEWS = YES;
				GENERATE_INFOPLIST_FILE = YES;
				INFOPLIST_FILE = "tailnumber-ios-Info.plist";
				INFOPLIST_KEY_UIApplicationSceneManifest_Generation = YES;
				INFOPLIST_KEY_UIApplicationSupportsIndirectInputEvents = YES;
				INFOPLIST_KEY_UILaunchScreen_Generation = YES;
				INFOPLIST_KEY_UISupportedInterfaceOrientations_iPad = "UIInterfaceOrientationPortrait UIInterfaceOrientationPortraitUpsideDown UIInterfaceOrientationLandscapeLeft UIInterfaceOrientationLandscapeRight";
				INFOPLIST_KEY_UISupportedInterfaceOrientations_iPhone = "UIInterfaceOrientationPortrait UIInterfaceOrientationLandscapeLeft UIInterfaceOrientationLandscapeRight";
				LD_RUNPATH_SEARCH_PATHS = (
					"$(inherited)",
					"@executable_path/Frameworks",
				);
				MARKETING_VERSION = 1.0;
				PRODUCT_BUNDLE_IDENTIFIER = "com.edelweiss.software.tailnumber-ios";
				PRODUCT_NAME = "$(TARGET_NAME)";
				SWIFT_EMIT_LOC_STRINGS = YES;
				SWIFT_VERSION = 5.0;
				TARGETED_DEVICE_FAMILY = "1,2";
			};
			name = Release;
		};
/* End XCBuildConfiguration section */

/* Begin XCConfigurationList section */
		11322E7827F4B71900043DBC /* Build configuration list for PBXProject "tailnumber.ios" */ = {
			isa = XCConfigurationList;
			buildConfigurations = (
				11322E8927F4B71B00043DBC /* Debug */,
				11322E8A27F4B71B00043DBC /* Release */,
			);
			defaultConfigurationIsVisible = 0;
			defaultConfigurationName = Release;
		};
		11322E8B27F4B71B00043DBC /* Build configuration list for PBXNativeTarget "Tail Number" */ = {
			isa = XCConfigurationList;
			buildConfigurations = (
				11322E8C27F4B71B00043DBC /* Debug */,
				11322E8D27F4B71B00043DBC /* Release */,
			);
			defaultConfigurationIsVisible = 0;
			defaultConfigurationName = Release;
		};
/* End XCConfigurationList section */

/* Begin XCRemoteSwiftPackageReference section */
		118222AD27F8462F00F99E4E /* XCRemoteSwiftPackageReference "swift-collections.git" */ = {
			isa = XCRemoteSwiftPackageReference;
			repositoryURL = "https://github.com/apple/swift-collections.git";
			requirement = {
				kind = upToNextMajorVersion;
				minimumVersion = 1.0.0;
			};
		};
		118222B027F846F400F99E4E /* XCRemoteSwiftPackageReference "swift-log.git" */ = {
			isa = XCRemoteSwiftPackageReference;
			repositoryURL = "https://github.com/apple/swift-log.git";
			requirement = {
				kind = upToNextMajorVersion;
				minimumVersion = 1.0.0;
			};
		};
/* End XCRemoteSwiftPackageReference section */

/* Begin XCSwiftPackageProductDependency section */
		118222AE27F8462F00F99E4E /* OrderedCollections */ = {
			isa = XCSwiftPackageProductDependency;
			package = 118222AD27F8462F00F99E4E /* XCRemoteSwiftPackageReference "swift-collections.git" */;
			productName = OrderedCollections;
		};
		118222B127F846F400F99E4E /* Logging */ = {
			isa = XCSwiftPackageProductDependency;
			package = 118222B027F846F400F99E4E /* XCRemoteSwiftPackageReference "swift-log.git" */;
			productName = Logging;
		};
/* End XCSwiftPackageProductDependency section */
	};
	rootObject = 11322E7527F4B71900043DBC /* Project object */;
}
